{
  "version": 1,
  "dependencies": {
    "net10.0-windows7.0": {
      "storageinventory.core": {
        "type": "Project"
      },
      "storageinventory.history": {
        "type": "Project",
        "dependencies": {
          "StorageInventory.Core": "[1.0.0, )"
        }
      }
    },
    "net10.0-windows7.0/win-x64": {}
  }
}